dependencies:
- name: prometheus
  repository: https://prometheus-community.github.io/helm-charts
  version: 25.16.0
- name: grafana
  repository: https://grafana.github.io/helm-charts
  version: 7.3.3
- name: keda
  repository: https://kedacore.github.io/charts
  version: 2.13.2
digest: sha256:c1e25bd8f04a602cb0a6faf8d4b93d79c50c58bbd276574f2b17548222fcb052
generated: "2024-03-08T17:37:29.382282+02:00"
